
Microsoft Visual Studio Solution File, Format Version 12.00
Project("{FAE04EC0-301F-11D3-BF4B-00C04F79EFBC}") = "AreaCalculator", "AreaCalculator\AreaCalculator.csproj", "{75E23E97-2353-4704-8F7C-0EF2EED5BAA0}"
EndProject
Project("{FAE04EC0-301F-11D3-BF4B-00C04F79EFBC}") = "AreaCalculatorTests", "AreaCalculatorTests\AreaCalculatorTests.csproj", "{1F656EEA-63B5-4CD2-A270-4A7A6D57FEA2}"
EndProject
Global
	GlobalSection(SolutionConfigurationPlatforms) = preSolution
		Debug|Any CPU = Debug|Any CPU
		Release|Any CPU = Release|Any CPU
	EndGlobalSection
	GlobalSection(ProjectConfigurationPlatforms) = postSolution
		{75E23E97-2353-4704-8F7C-0EF2EED5BAA0}.Debug|Any CPU.ActiveCfg = Debug|Any CPU
		{75E23E97-2353-4704-8F7C-0EF2EED5BAA0}.Debug|Any CPU.Build.0 = Debug|Any CPU
		{75E23E97-2353-4704-8F7C-0EF2EED5BAA0}.Release|Any CPU.ActiveCfg = Release|Any CPU
		{75E23E97-2353-4704-8F7C-0EF2EED5BAA0}.Release|Any CPU.Build.0 = Release|Any CPU
		{1F656EEA-63B5-4CD2-A270-4A7A6D57FEA2}.Debug|Any CPU.ActiveCfg = Debug|Any CPU
		{1F656EEA-63B5-4CD2-A270-4A7A6D57FEA2}.Debug|Any CPU.Build.0 = Debug|Any CPU
		{1F656EEA-63B5-4CD2-A270-4A7A6D57FEA2}.Release|Any CPU.ActiveCfg = Release|Any CPU
		{1F656EEA-63B5-4CD2-A270-4A7A6D57FEA2}.Release|Any CPU.Build.0 = Release|Any CPU
	EndGlobalSection
EndGlobal
